
Microsoft Visual Studio Solution File, Format Version 12.00
# Visual Studio Version 17
VisualStudioVersion = 17.7.34024.191
MinimumVisualStudioVersion = 10.0.40219.1
Project("{FAE04EC0-301F-11D3-BF4B-00C04F79EFBC}") = "poker_dobierany", "poker_dobierany.csproj", "{90841835-DF5C-4914-8100-68712CB8E9BA}"
EndProject
Global
	GlobalSection(SolutionConfigurationPlatforms) = preSolution
		Debug|Any CPU = Debug|Any CPU
		Release|Any CPU = Release|Any CPU
	EndGlobalSection
	GlobalSection(ProjectConfigurationPlatforms) = postSolution
		{90841835-DF5C-4914-8100-68712CB8E9BA}.Debug|Any CPU.ActiveCfg = Debug|Any CPU
		{90841835-DF5C-4914-8100-68712CB8E9BA}.Debug|Any CPU.Build.0 = Debug|Any CPU
		{90841835-DF5C-4914-8100-68712CB8E9BA}.Release|Any CPU.ActiveCfg = Release|Any CPU
		{90841835-DF5C-4914-8100-68712CB8E9BA}.Release|Any CPU.Build.0 = Release|Any CPU
	EndGlobalSection
	GlobalSection(SolutionProperties) = preSolution
		HideSolutionNode = FALSE
	EndGlobalSection
	GlobalSection(ExtensibilityGlobals) = postSolution
		SolutionGuid = {38E32D2F-EA18-4D20-9D33-8F9F0AA5012D}
	EndGlobalSection
EndGlobal
